
Microsoft Visual Studio Solution File, Format Version 12.00
# Visual Studio 15
VisualStudioVersion = 15.0.27703.2042
MinimumVisualStudioVersion = 10.0.40219.1
Project("{FAE04EC0-301F-11D3-BF4B-00C04F79EFBC}") = "P4CharacterStats", "P4CharacterStats\P4CharacterStats.csproj", "{D2B3A17D-C6AF-489D-8F6E-A8780D81AB66}"
EndProject
Global
	GlobalSection(SolutionConfigurationPlatforms) = preSolution
		Debug|Any CPU = Debug|Any CPU
		Release|Any CPU = Release|Any CPU
	EndGlobalSection
	GlobalSection(ProjectConfigurationPlatforms) = postSolution
		{D2B3A17D-C6AF-489D-8F6E-A8780D81AB66}.Debug|Any CPU.ActiveCfg = Debug|Any CPU
		{D2B3A17D-C6AF-489D-8F6E-A8780D81AB66}.Debug|Any CPU.Build.0 = Debug|Any CPU
		{D2B3A17D-C6AF-489D-8F6E-A8780D81AB66}.Release|Any CPU.ActiveCfg = Release|Any CPU
		{D2B3A17D-C6AF-489D-8F6E-A8780D81AB66}.Release|Any CPU.Build.0 = Release|Any CPU
	EndGlobalSection
	GlobalSection(SolutionProperties) = preSolution
		HideSolutionNode = FALSE
	EndGlobalSection
	GlobalSection(ExtensibilityGlobals) = postSolution
		SolutionGuid = {5BA6E773-0555-4644-8A10-7A2F9DDBB2C0}
	EndGlobalSection
EndGlobal
